// !$*UTF8*$!
{
	archiveVersion = 1;
	classes = {
	};
	objectVersion = 46;
	objects = {

/* Begin PBXBuildFile section */
		D2AA5D9C1D6AA86300BF269B /* main.m in Sources */ = {isa = PBXBuildFile; fileRef = D2AA5D9B1D6AA86300BF269B /* main.m */; };
		D2AA5D9F1D6AA86300BF269B /* AppDelegate.m in Sources */ = {isa = PBXBuildFile; fileRef = D2AA5D9E1D6AA86300BF269B /* AppDelegate.m */; };
		D2AA5DA21D6AA86300BF269B /* ViewController.m in Sources */ = {isa = PBXBuildFile; fileRef = D2AA5DA11D6AA86300BF269B /* ViewController.m */; };
		D2AA5DA51D6AA86300BF269B /* Main.storyboard in Resources */ = {isa = PBXBuildFile; fileRef = D2AA5DA31D6AA86300BF269B /* Main.storyboard */; };
		D2AA5DA71D6AA86300BF269B /* Assets.xcassets in Resources */ = {isa = PBXBuildFile; fileRef = D2AA5DA61D6AA86300BF269B /* Assets.xcassets */; };
		D2AA5DAA1D6AA86300BF269B /* LaunchScreen.storyboard in Resources */ = {isa = PBXBuildFile; fileRef = D2AA5DA81D6AA86300BF269B /* LaunchScreen.storyboard */; };
/* End PBXBuildFile section */

/* Begin PBXFileReference section */
		D2AA5D971D6AA86300BF269B /* Pu.app */ = {isa = PBXFileReference; explicitFileType = wrapper.application; includeInIndex = 0; path = Pu.app; sourceTree = BUILT_PRODUCTS_DIR; };
		D2AA5D9B1D6AA86300BF269B /* main.m */ = {isa = PBXFileReference; lastKnownFileType = sourcecode.c.objc; path = main.m; sourceTree = "<group>"; };
		D2AA5D9D1D6AA86300BF269B /* AppDelegate.h */ = {isa = PBXFileReference; lastKnownFileType = sourcecode.c.h; path = AppDelegate.h; sourceTree = "<group>"; };
		D2AA5D9E1D6AA86300BF269B /* AppDelegate.m */ = {isa = PBXFileReference; lastKnownFileType = sourcecode.c.objc; path = AppDelegate.m; sourceTree = "<group>"; };
		D2AA5DA01D6AA86300BF269B /* ViewController.h */ = {isa = PBXFileReference; lastKnownFileType = sourcecode.c.h; path = ViewController.h; sourceTree = "<group>"; };
		D2AA5DA11D6AA86300BF269B /* ViewController.m */ = {isa = PBXFileReference; lastKnownFileType = sourcecode.c.objc; path = ViewController.m; sourceTree = "<group>"; };
		D2AA5DA41D6AA86300BF269B /* Base */ = {isa = PBXFileReference; lastKnownFileType = file.storyboard; name = Base; path = Base.lproj/Main.storyboard; sourceTree = "<group>"; };
		D2AA5DA61D6AA86300BF269B /* Assets.xcassets */ = {isa = PBXFileReference; lastKnownFileType = folder.assetcatalog; path = Assets.xcassets; sourceTree = "<group>"; };
		D2AA5DA91D6AA86300BF269B /* Base */ = {isa = PBXFileReference; lastKnownFileType = file.storyboard; name = Base; path = Base.lproj/LaunchScreen.storyboard; sourceTree = "<group>"; };
		D2AA5DAB1D6AA86300BF269B /* Info.plist */ = {isa = PBXFileReference; lastKnownFileType = text.plist.xml; path = Info.plist; sourceTree = "<group>"; };
/* End PBXFileReference section */

/* Begin PBXFrameworksBuildPhase section */
		D2AA5D941D6AA86300BF269B /* Frameworks */ = {
			isa = PBXFrameworksBuildPhase;
			buildActionMask = 2147483647;
			files = (
			);
			runOnlyForDeploymentPostprocessing = 0;
		};
/* End PBXFrameworksBuildPhase section */

/* Begin PBXGroup section */
		D2AA5D8E1D6AA86300BF269B = {
			isa = PBXGroup;
			children = (
				D2AA5D991D6AA86300BF269B /* Pu */,
				D2AA5D981D6AA86300BF269B /* Products */,
			);
			sourceTree = "<group>";
		};
		D2AA5D981D6AA86300BF269B /* Products */ = {
			isa = PBXGroup;
			children = (
				D2AA5D971D6AA86300BF269B /* Pu.app */,
			);
			name = Products;
			sourceTree = "<group>";
		};
		D2AA5D991D6AA86300BF269B /* Pu */ = {
			isa = PBXGroup;
			children = (
				D2AA5D9D1D6AA86300BF269B /* AppDelegate.h */,
				D2AA5D9E1D6AA86300BF269B /* AppDelegate.m */,
				D2AA5DA01D6AA86300BF269B /* ViewController.h */,
				D2AA5DA11D6AA86300BF269B /* ViewController.m */,
				D2AA5DA31D6AA86300BF269B /* Main.storyboard */,
				D2AA5DA61D6AA86300BF269B /* Assets.xcassets */,
				D2AA5DA81D6AA86300BF269B /* LaunchScreen.storyboard */,
				D2AA5DAB1D6AA86300BF269B /* Info.plist */,
				D2AA5D9A1D6AA86300BF269B /* Supporting Files */,
			);
			path = Pu;
			sourceTree = "<group>";
		};
		D2AA5D9A1D6AA86300BF269B /* Supporting Files */ = {
			isa = PBXGroup;
			children = (
				D2AA5D9B1D6AA86300BF269B /* main.m */,
			);
			name = "Supporting Files";
			sourceTree = "<group>";
		};
/* End PBXGroup section */

/* Begin PBXNativeTarget section */
		D2AA5D961D6AA86300BF269B /* Pu */ = {
			isa = PBXNativeTarget;
			buildConfigurationList = D2AA5DAE1D6AA86300BF269B /* Build configuration list for PBXNativeTarget "Pu" */;
			buildPhases = (
				D2AA5D931D6AA86300BF269B /* Sources */,
				D2AA5D941D6AA86300BF269B /* Frameworks */,
				D2AA5D951D6AA86300BF269B /* Resources */,
			);
			buildRules = (
			);
			dependencies = (
			);
			name = Pu;
			productName = Pu;
			productReference = D2AA5D971D6AA86300BF269B /* Pu.app */;
			productType = "com.apple.product-type.application";
		};
/* End PBXNativeTarget section */

/* Begin PBXProject section */
		D2AA5D8F1D6AA86300BF269B /* Project object */ = {
			isa = PBXProject;
			attributes = {
				LastUpgradeCheck = 0730;
				ORGANIZATIONNAME = xiemingmin;
				TargetAttributes = {
					D2AA5D961D6AA86300BF269B = {
						CreatedOnToolsVersion = 7.3;
					};
				};
			};
			buildConfigurationList = D2AA5D921D6AA86300BF269B /* Build configuration list for PBXProject "Pu" */;
			compatibilityVersion = "Xcode 3.2";
			developmentRegion = English;
			hasScannedForEncodings = 0;
			knownRegions = (
				en,
				Base,
			);
			mainGroup = D2AA5D8E1D6AA86300BF269B;
			productRefGroup = D2AA5D981D6AA86300BF269B /* Products */;
			projectDirPath = "";
			projectRoot = "";
			targets = (
				D2AA5D961D6AA86300BF269B /* Pu */,
			);
		};
/* End PBXProject section */

/* Begin PBXResourcesBuildPhase section */
		D2AA5D951D6AA86300BF269B /* Resources */ = {
			isa = PBXResourcesBuildPhase;
			buildActionMask = 2147483647;
			files = (
				D2AA5DAA1D6AA86300BF269B /* LaunchScreen.storyboard in Resources */,
				D2AA5DA71D6AA86300BF269B /* Assets.xcassets in Resources */,
				D2AA5DA51D6AA86300BF269B /* Main.storyboard in Resources */,
			);
			runOnlyForDeploymentPostprocessing = 0;
		};
/* End PBXResourcesBuildPhase section */

/* Begin PBXSourcesBuildPhase section */
		D2AA5D931D6AA86300BF269B /* Sources */ = {
			isa = PBXSourcesBuildPhase;
			buildActionMask = 2147483647;
			files = (
				D2AA5DA21D6AA86300BF269B /* ViewController.m in Sources */,
				D2AA5D9F1D6AA86300BF269B /* AppDelegate.m in Sources */,
				D2AA5D9C1D6AA86300BF269B /* main.m in Sources */,
			);
			runOnlyForDeploymentPostprocessing = 0;
		};
/* End PBXSourcesBuildPhase section */

/* Begin PBXVariantGroup section */
		D2AA5DA31D6AA86300BF269B /* Main.storyboard */ = {
			isa = PBXVariantGroup;
			children = (
				D2AA5DA41D6AA86300BF269B /* Base */,
			);
			name = Main.storyboard;
			sourceTree = "<group>";
		};
		D2AA5DA81D6AA86300BF269B /* LaunchScreen.storyboard */ = {
			isa = PBXVariantGroup;
			children = (
				D2AA5DA91D6AA86300BF269B /* Base */,
			);
			name = LaunchScreen.storyboard;
			sourceTree = "<group>";
		};
/* End PBXVariantGroup section */

/* Begin XCBuildConfiguration section */
		D2AA5DAC1D6AA86300BF269B /* Debug */ = {
			isa = XCBuildConfiguration;
			buildSettings = {
				ALWAYS_SEARCH_USER_PATHS = NO;
				CLANG_ANALYZER_NONNULL = YES;
				CLANG_CXX_LANGUAGE_STANDARD = "gnu++0x";
				CLANG_CXX_LIBRARY = "libc++";
				CLANG_ENABLE_MODULES = YES;
				CLANG_ENABLE_OBJC_ARC = YES;
				CLANG_WARN_BOOL_CONVERSION = YES;
				CLANG_WARN_CONSTANT_CONVERSION = YES;
				CLANG_WARN_DIRECT_OBJC_ISA_USAGE = YES_ERROR;
				CLANG_WARN_EMPTY_BODY = YES;
				CLANG_WARN_ENUM_CONVERSION = YES;
				CLANG_WARN_INT_CONVERSION = YES;
				CLANG_WARN_OBJC_ROOT_CLASS = YES_ERROR;
				CLANG_WARN_UNREACHABLE_CODE = YES;
				CLANG_WARN__DUPLICATE_METHOD_MATCH = YES;
				"CODE_SIGN_IDENTITY[sdk=iphoneos*]" = "iPhone Developer";
				COPY_PHASE_STRIP = NO;
				DEBUG_INFORMATION_FORMAT = dwarf;
				ENABLE_STRICT_OBJC_MSGSEND = YES;
				ENABLE_TESTABILITY = YES;
				GCC_C_LANGUAGE_STANDARD = gnu99;
				GCC_DYNAMIC_NO_PIC = NO;
				GCC_NO_COMMON_BLOCKS = YES;
				GCC_OPTIMIZATION_LEVEL = 0;
				GCC_PREPROCESSOR_DEFINITIONS = (
					"DEBUG=1",
					"$(inherited)",
				);
				GCC_WARN_64_TO_32_BIT_CONVERSION = YES;
				GCC_WARN_ABOUT_RETURN_TYPE = YES_ERROR;
				GCC_WARN_UNDECLARED_SELECTOR = YES;
				GCC_WARN_UNINITIALIZED_AUTOS = YES_AGGRESSIVE;
				GCC_WARN_UNUSED_FUNCTION = YES;
				GCC_WARN_UNUSED_VARIABLE = YES;
				IPHONEOS_DEPLOYMENT_TARGET = 9.3;
				MTL_ENABLE_DEBUG_INFO = YES;
				ONLY_ACTIVE_ARCH = YES;
				SDKROOT = iphoneos;
				TARGETED_DEVICE_FAMILY = "1,2";
			};
			name = Debug;
		};
		D2AA5DAD1D6AA86300BF269B /* Release */ = {
			isa = XCBuildConfiguration;
			buildSettings = {
				ALWAYS_SEARCH_USER_PATHS = NO;
				CLANG_ANALYZER_NONNULL = YES;
				CLANG_CXX_LANGUAGE_STANDARD = "gnu++0x";
				CLANG_CXX_LIBRARY = "libc++";
				CLANG_ENABLE_MODULES = YES;
				CLANG_ENABLE_OBJC_ARC = YES;
				CLANG_WARN_BOOL_CONVERSION = YES;
				CLANG_WARN_CONSTANT_CONVERSION = YES;
				CLANG_WARN_DIRECT_OBJC_ISA_USAGE = YES_ERROR;
				CLANG_WARN_EMPTY_BODY = YES;
				CLANG_WARN_ENUM_CONVERSION = YES;
				CLANG_WARN_INT_CONVERSION = YES;
				CLANG_WARN_OBJC_ROOT_CLASS = YES_ERROR;
				CLANG_WARN_UNREACHABLE_CODE = YES;
				CLANG_WARN__DUPLICATE_METHOD_MATCH = YES;
				"CODE_SIGN_IDENTITY[sdk=iphoneos*]" = "iPhone Developer";
				COPY_PHASE_STRIP = NO;
				DEBUG_INFORMATION_FORMAT = "dwarf-with-dsym";
				ENABLE_NS_ASSERTIONS = NO;
				ENABLE_STRICT_OBJC_MSGSEND = YES;
				GCC_C_LANGUAGE_STANDARD = gnu99;
				GCC_NO_COMMON_BLOCKS = YES;
				GCC_WARN_64_TO_32_BIT_CONVERSION = YES;
				GCC_WARN_ABOUT_RETURN_TYPE = YES_ERROR;
				GCC_WARN_UNDECLARED_SELECTOR = YES;
				GCC_WARN_UNINITIALIZED_AUTOS = YES_AGGRESSIVE;
				GCC_WARN_UNUSED_FUNCTION = YES;
				GCC_WARN_UNUSED_VARIABLE = YES;
				IPHONEOS_DEPLOYMENT_TARGET = 9.3;
				MTL_ENABLE_DEBUG_INFO = NO;
				SDKROOT = iphoneos;
				TARGETED_DEVICE_FAMILY = "1,2";
				VALIDATE_PRODUCT = YES;
			};
			name = Release;
		};
		D2AA5DAF1D6AA86300BF269B /* Debug */ = {
			isa = XCBuildConfiguration;
			buildSettings = {
				ASSETCATALOG_COMPILER_APPICON_NAME = AppIcon;
				INFOPLIST_FILE = Pu/Info.plist;
				LD_RUNPATH_SEARCH_PATHS = "$(inherited) @executable_path/Frameworks";
				PRODUCT_BUNDLE_IDENTIFIER = com.xiemingmin.Pu;
				PRODUCT_NAME = "$(TARGET_NAME)";
			};
			name = Debug;
		};
		D2AA5DB01D6AA86300BF269B /* Release */ = {
			isa = XCBuildConfiguration;
			buildSettings = {
				ASSETCATALOG_COMPILER_APPICON_NAME = AppIcon;
				INFOPLIST_FILE = Pu/Info.plist;
				LD_RUNPATH_SEARCH_PATHS = "$(inherited) @executable_path/Frameworks";
				PRODUCT_BUNDLE_IDENTIFIER = com.xiemingmin.Pu;
				PRODUCT_NAME = "$(TARGET_NAME)";
			};
			name = Release;
		};
/* End XCBuildConfiguration section */

/* Begin XCConfigurationList section */
		D2AA5D921D6AA86300BF269B /* Build configuration list for PBXProject "Pu" */ = {
			isa = XCConfigurationList;
			buildConfigurations = (
				D2AA5DAC1D6AA86300BF269B /* Debug */,
				D2AA5DAD1D6AA86300BF269B /* Release */,
			);
			defaultConfigurationIsVisible = 0;
			defaultConfigurationName = Release;
		};
		D2AA5DAE1D6AA86300BF269B /* Build configuration list for PBXNativeTarget "Pu" */ = {
			isa = XCConfigurationList;
			buildConfigurations = (
				D2AA5DAF1D6AA86300BF269B /* Debug */,
				D2AA5DB01D6AA86300BF269B /* Release */,
			);
			defaultConfigurationIsVisible = 0;
		};
/* End XCConfigurationList section */
	};
	rootObject = D2AA5D8F1D6AA86300BF269B /* Project object */;
}
